
Microsoft Visual Studio Solution File, Format Version 12.00
# Visual Studio 2012
Project("{8BC9CEB8-8B4A-11D0-8D11-00A0C91BC942}") = "TreeTests", "..\TreeTests\TreeTests.vcxproj", "{4FFE6FDD-B4E7-46E7-B8D3-3E3A51F65012}"
EndProject
Project("{8BC9CEB8-8B4A-11D0-8D11-00A0C91BC942}") = "VariableComposite", "..\VariableComposite\VariableComposite.vcxproj", "{7F49FD3C-E73D-41D5-819B-1255ABA9E626}"
EndProject
Project("{8BC9CEB8-8B4A-11D0-8D11-00A0C91BC942}") = "TotalControl", "..\..\functional\TotalControl\TotalControl.vcxproj", "{8453307E-BA30-4DA7-A8F2-E0873B258492}"
EndProject
Project("{8BC9CEB8-8B4A-11D0-8D11-00A0C91BC942}") = "ModuleManager", "..\ModuleManager\ModuleManager.vcxproj", "{8264A72F-5EE1-486F-85BA-7F306F6BAB6E}"
EndProject
Project("{8BC9CEB8-8B4A-11D0-8D11-00A0C91BC942}") = "Environment", "..\Environment\Environment.vcxproj", "{8A72FFAA-85CD-47EE-A712-85D67B80C962}"
EndProject
Project("{8BC9CEB8-8B4A-11D0-8D11-00A0C91BC942}") = "LoadingProject", "..\LoadingProject\LoadingProject.vcxproj", "{ECA95D34-6B3C-4798-AC84-B86A4DC6BD07}"
EndProject
Global
	GlobalSection(SolutionConfigurationPlatforms) = preSolution
		Debug|Win32 = Debug|Win32
		Release|Win32 = Release|Win32
	EndGlobalSection
	GlobalSection(ProjectConfigurationPlatforms) = postSolution
		{4FFE6FDD-B4E7-46E7-B8D3-3E3A51F65012}.Debug|Win32.ActiveCfg = Debug|Win32
		{4FFE6FDD-B4E7-46E7-B8D3-3E3A51F65012}.Debug|Win32.Build.0 = Debug|Win32
		{4FFE6FDD-B4E7-46E7-B8D3-3E3A51F65012}.Release|Win32.ActiveCfg = Release|Win32
		{4FFE6FDD-B4E7-46E7-B8D3-3E3A51F65012}.Release|Win32.Build.0 = Release|Win32
		{7F49FD3C-E73D-41D5-819B-1255ABA9E626}.Debug|Win32.ActiveCfg = Debug|Win32
		{7F49FD3C-E73D-41D5-819B-1255ABA9E626}.Debug|Win32.Build.0 = Debug|Win32
		{7F49FD3C-E73D-41D5-819B-1255ABA9E626}.Release|Win32.ActiveCfg = Release|Win32
		{7F49FD3C-E73D-41D5-819B-1255ABA9E626}.Release|Win32.Build.0 = Release|Win32
		{8453307E-BA30-4DA7-A8F2-E0873B258492}.Debug|Win32.ActiveCfg = Debug|Win32
		{8453307E-BA30-4DA7-A8F2-E0873B258492}.Debug|Win32.Build.0 = Debug|Win32
		{8453307E-BA30-4DA7-A8F2-E0873B258492}.Release|Win32.ActiveCfg = Release|Win32
		{8453307E-BA30-4DA7-A8F2-E0873B258492}.Release|Win32.Build.0 = Release|Win32
		{8264A72F-5EE1-486F-85BA-7F306F6BAB6E}.Debug|Win32.ActiveCfg = Debug|Win32
		{8264A72F-5EE1-486F-85BA-7F306F6BAB6E}.Debug|Win32.Build.0 = Debug|Win32
		{8264A72F-5EE1-486F-85BA-7F306F6BAB6E}.Release|Win32.ActiveCfg = Release|Win32
		{8264A72F-5EE1-486F-85BA-7F306F6BAB6E}.Release|Win32.Build.0 = Release|Win32
		{8A72FFAA-85CD-47EE-A712-85D67B80C962}.Debug|Win32.ActiveCfg = Debug|Win32
		{8A72FFAA-85CD-47EE-A712-85D67B80C962}.Debug|Win32.Build.0 = Debug|Win32
		{8A72FFAA-85CD-47EE-A712-85D67B80C962}.Release|Win32.ActiveCfg = Release|Win32
		{8A72FFAA-85CD-47EE-A712-85D67B80C962}.Release|Win32.Build.0 = Release|Win32
		{ECA95D34-6B3C-4798-AC84-B86A4DC6BD07}.Debug|Win32.ActiveCfg = Debug|Win32
		{ECA95D34-6B3C-4798-AC84-B86A4DC6BD07}.Debug|Win32.Build.0 = Debug|Win32
		{ECA95D34-6B3C-4798-AC84-B86A4DC6BD07}.Release|Win32.ActiveCfg = Release|Win32
		{ECA95D34-6B3C-4798-AC84-B86A4DC6BD07}.Release|Win32.Build.0 = Release|Win32
	EndGlobalSection
	GlobalSection(SolutionProperties) = preSolution
		HideSolutionNode = FALSE
	EndGlobalSection
EndGlobal
